uuid: 0c5bca77-8725-4cfd-8f00-c0614bbf76f7
langcode: fr
status: false
dependencies:
  module:
    - system
    - yqb_blocks
  theme:
    - yqb
id: herosearchblock
theme: yqb
region: top
weight: -30
provider: null
plugin: hero-search-block
settings:
  id: hero-search-block
  label: 'Le passager avant tout<sup>®</sup>'
  provider: yqb_blocks
  label_display: visible
visibility:
  request_path:
    id: request_path
    pages: '<front>'
    negate: false
    context_mapping: {  }
