uuid: 8f9956d3-dde7-4ac1-8e2e-4625793a3252
langcode: fr
status: true
dependencies:
  module:
    - system
    - yqb_wait_times
  theme:
    - yqb
id: waittimeshomeblock
theme: yqb
region: top
weight: -36
provider: null
plugin: wait-times-home-block
settings:
  id: wait-times-home-block
  label: 'Wait Times home block'
  provider: yqb_wait_times
  label_display: '0'
visibility:
  request_path:
    id: request_path
    pages: '<front>'
    negate: false
    context_mapping: {  }
