uuid: ea1179a5-dab0-4b38-9100-c13774e11187
langcode: fr
status: true
dependencies:
  module:
    - system
    - yqb_blocks
  theme:
    - yqb
id: flightstabsblock
theme: yqb
region: content
weight: -23
provider: null
plugin: flights-tabs-block
settings:
  id: flights-tabs-block
  label: 'Flights tabs block'
  provider: yqb_blocks
  label_display: '0'
visibility:
  request_path:
    id: request_path
    pages: '<front>'
    negate: false
    context_mapping: {  }
