uuid: 4e716914-7430-45dd-b700-bee663d85566
langcode: fr
status: true
dependencies:
  module:
    - system
    - yqb_blocks
  theme:
    - yqb
id: schedulesfilterblock
theme: yqb
region: sidebar_first
weight: -13
provider: null
plugin: schedules-filter-block
settings:
  id: schedules-filter-block
  label: 'Schedules Filter Block'
  provider: yqb_blocks
  label_display: '0'
visibility:
  request_path:
    id: request_path
    pages: '/vols-et-destinations/horaire-des-vols/*'
    negate: false
    context_mapping: {  }
