uuid: 17f27c1e-c379-41e1-b587-d3301d020395
langcode: fr
status: true
dependencies:
  module:
    - system
    - yqb_blocks
  theme:
    - yqb
id: flightstabslinksblock
theme: yqb
region: top
weight: 0
provider: null
plugin: flights-tabs-block
settings:
  id: flights-tabs-block
  label: 'Flights tabs Links block'
  provider: yqb_blocks
  label_display: '0'
visibility:
  request_path:
    id: request_path
    pages: '<front>'
    negate: false
    context_mapping: {  }
