uuid: afac1c34-7796-46c3-992e-466c97004b16
langcode: fr
status: false
dependencies:
  module:
    - system
    - yqb_reminders
  theme:
    - yqb
id: remindersblock
theme: yqb
region: bottom_actions
weight: -18
provider: null
plugin: reminders_block
settings:
  id: reminders_block
  label: 'Suivez le statut de votre vol par SMS'
  provider: yqb_reminders
  label_display: '0'
  full_width: 1
visibility:
  request_path:
    id: request_path
    pages: "/a-propos/*\r\n/about/*\r\n/visiter-quebec\r\n/visit-quebec-city\r\n/questions-et-commentaires/*\r\n/questions-and-comments/*\r\n/nous-joindre\r\n/contact-us\r\n/planifier-son-vol/reserver-un-stationnement\r\n/planifier-son-vol/reserver-un-stationnement/*\r\n/planifier-son-vol/modifier-un-stationnement\r\n/planifier-son-vol/modifier-un-stationnement/*\r\n/plan-a-flight/parking-reservation\r\n/plan-a-flight/parking-reservation/*\r\n/plan-a-flight/parking-modification\r\n/plan-a-flight/parking-modification/*\r\n/vols-et-destinations/alerte-sms\r\n/vols-et-destinations/alerte-sms/*\r\n/flights-and-destinations/text-reminders\r\n/flights-and-destinations/text-reminders/*"
    negate: true
    context_mapping: {  }
