uuid: 3fca8b9c-0c15-4342-8a0c-1891217b4c7a
langcode: fr
status: false
dependencies:
  module:
    - system
    - yqb_blocks
  theme:
    - yqb
id: homepagetilesblock
theme: yqb
region: content
weight: -19
provider: null
plugin: homepage-tiles-block
settings:
  id: homepage-tiles-block
  label: 'Homepage Tiles Block'
  provider: yqb_blocks
  label_display: '0'
visibility:
  request_path:
    id: request_path
    pages: '<front>'
    negate: false
    context_mapping: {  }
