langcode: fr
_core:
  default_config_hash: 2lo0hIx3RV2AgnE1fkdPLRQcYWGamMyouBoe2OiYk24
id: search_block
uuid: 77b8d087-9db3-4dea-b02d-455626cdc8f0
label: 'Bloc de Recherche'
selector: ''
status: true
minChar: 3
autoSubmit: true
autoRedirect: true
maxSuggestions: 10
noResultLabel: 'Aucun résultat pour [search-phrase]. Cliquer pour une recherche complète.'
noResultValue: '[search-phrase]'
noResultLink: ''
moreResultsLabel: 'Voir tous les résultats pour [search-phrase].'
moreResultsValue: '[search-phrase]'
moreResultsLink: ''
source: 'autocompletion_callbacks_nodes::nodes_autocompletion_callback'
theme: minimal.css
editable: true
deletable: false
